
Microsoft Visual Studio Solution File, Format Version 12.00
# Visual Studio 2013
VisualStudioVersion = 12.0.31101.0
MinimumVisualStudioVersion = 10.0.40219.1
Project("{FAE04EC0-301F-11D3-BF4B-00C04F79EFBC}") = "AutoRepairShopDTO", "AutoRepairShopDTO\AutoRepairShopDTO.csproj", "{9BED990E-081C-4396-970D-057167BD52A2}"
EndProject
Project("{FAE04EC0-301F-11D3-BF4B-00C04F79EFBC}") = "AutoRepairShopDAL", "AutoRepairShopDAL\AutoRepairShopDAL.csproj", "{A1DBFE4C-00EC-4C95-963D-6D9D49798EF1}"
EndProject
Project("{FAE04EC0-301F-11D3-BF4B-00C04F79EFBC}") = "NearestAutoRepairService", "NearestAutoRepairService\NearestAutoRepairService.csproj", "{FD35AD99-6FE7-4226-87FA-8E71711DE5F1}"
EndProject
Project("{FAE04EC0-301F-11D3-BF4B-00C04F79EFBC}") = "AutoRepairShopBLL", "AutoRepairShopBLL\AutoRepairShopBLL.csproj", "{A57109EA-F170-41AC-996F-23E82E826784}"
EndProject
Project("{E24C65DC-7377-472B-9ABA-BC803B73C61A}") = "NearestAutoRepairIISHost", "http://localhost:59251", "{FF9A54B1-CFCC-4C32-B9CF-E6C3E312DF8D}"
	ProjectSection(WebsiteProperties) = preProject
		UseIISExpress = "true"
		TargetFrameworkMoniker = ".NETFramework,Version%3Dv4.5"
		ProjectReferences = "{fd35ad99-6fe7-4226-87fa-8e71711de5f1}|NearestAutoRepairService.dll;{A57109EA-F170-41AC-996F-23E82E826784}|AutoRepairShopBLL.dll;{A1DBFE4C-00EC-4C95-963D-6D9D49798EF1}|AutoRepairShopDAL.dll;{9BED990E-081C-4396-970D-057167BD52A2}|AutoRepairShopDTO.dll;"
		Debug.AspNetCompiler.VirtualPath = "/localhost_59251"
		Debug.AspNetCompiler.PhysicalPath = "NearestAutoRepairIISHost\"
		Debug.AspNetCompiler.TargetPath = "PrecompiledWeb\localhost_59251\"
		Debug.AspNetCompiler.Updateable = "true"
		Debug.AspNetCompiler.ForceOverwrite = "true"
		Debug.AspNetCompiler.FixedNames = "false"
		Debug.AspNetCompiler.Debug = "True"
		Release.AspNetCompiler.VirtualPath = "/localhost_59251"
		Release.AspNetCompiler.PhysicalPath = "NearestAutoRepairIISHost\"
		Release.AspNetCompiler.TargetPath = "PrecompiledWeb\localhost_59251\"
		Release.AspNetCompiler.Updateable = "true"
		Release.AspNetCompiler.ForceOverwrite = "true"
		Release.AspNetCompiler.FixedNames = "false"
		Release.AspNetCompiler.Debug = "False"
		SlnRelativePath = "NearestAutoRepairIISHost\"
		DefaultWebSiteLanguage = "Visual C#"
	EndProjectSection
EndProject
Global
	GlobalSection(SolutionConfigurationPlatforms) = preSolution
		Debug|Any CPU = Debug|Any CPU
		Release|Any CPU = Release|Any CPU
	EndGlobalSection
	GlobalSection(ProjectConfigurationPlatforms) = postSolution
		{9BED990E-081C-4396-970D-057167BD52A2}.Debug|Any CPU.ActiveCfg = Debug|Any CPU
		{9BED990E-081C-4396-970D-057167BD52A2}.Debug|Any CPU.Build.0 = Debug|Any CPU
		{9BED990E-081C-4396-970D-057167BD52A2}.Release|Any CPU.ActiveCfg = Release|Any CPU
		{9BED990E-081C-4396-970D-057167BD52A2}.Release|Any CPU.Build.0 = Release|Any CPU
		{A1DBFE4C-00EC-4C95-963D-6D9D49798EF1}.Debug|Any CPU.ActiveCfg = Debug|Any CPU
		{A1DBFE4C-00EC-4C95-963D-6D9D49798EF1}.Debug|Any CPU.Build.0 = Debug|Any CPU
		{A1DBFE4C-00EC-4C95-963D-6D9D49798EF1}.Release|Any CPU.ActiveCfg = Release|Any CPU
		{A1DBFE4C-00EC-4C95-963D-6D9D49798EF1}.Release|Any CPU.Build.0 = Release|Any CPU
		{FD35AD99-6FE7-4226-87FA-8E71711DE5F1}.Debug|Any CPU.ActiveCfg = Debug|Any CPU
		{FD35AD99-6FE7-4226-87FA-8E71711DE5F1}.Debug|Any CPU.Build.0 = Debug|Any CPU
		{FD35AD99-6FE7-4226-87FA-8E71711DE5F1}.Release|Any CPU.ActiveCfg = Release|Any CPU
		{FD35AD99-6FE7-4226-87FA-8E71711DE5F1}.Release|Any CPU.Build.0 = Release|Any CPU
		{A57109EA-F170-41AC-996F-23E82E826784}.Debug|Any CPU.ActiveCfg = Debug|Any CPU
		{A57109EA-F170-41AC-996F-23E82E826784}.Debug|Any CPU.Build.0 = Debug|Any CPU
		{A57109EA-F170-41AC-996F-23E82E826784}.Release|Any CPU.ActiveCfg = Release|Any CPU
		{A57109EA-F170-41AC-996F-23E82E826784}.Release|Any CPU.Build.0 = Release|Any CPU
		{FF9A54B1-CFCC-4C32-B9CF-E6C3E312DF8D}.Debug|Any CPU.ActiveCfg = Debug|Any CPU
		{FF9A54B1-CFCC-4C32-B9CF-E6C3E312DF8D}.Debug|Any CPU.Build.0 = Debug|Any CPU
		{FF9A54B1-CFCC-4C32-B9CF-E6C3E312DF8D}.Release|Any CPU.ActiveCfg = Debug|Any CPU
		{FF9A54B1-CFCC-4C32-B9CF-E6C3E312DF8D}.Release|Any CPU.Build.0 = Debug|Any CPU
	EndGlobalSection
	GlobalSection(SolutionProperties) = preSolution
		HideSolutionNode = FALSE
	EndGlobalSection
EndGlobal
